
Microsoft Visual Studio Solution File, Format Version 12.00
# Visual Studio Version 17
VisualStudioVersion = 17.1.32328.378
MinimumVisualStudioVersion = 10.0.40219.1
Project("{FAE04EC0-301F-11D3-BF4B-00C04F79EFBC}") = "DesignPatternsDemo", "DesignPatternsDemo\DesignPatternsDemo.csproj", "{07A1A039-537C-471D-971C-7A4BDDD40053}"
EndProject
Global
	GlobalSection(SolutionConfigurationPlatforms) = preSolution
		Debug|Any CPU = Debug|Any CPU
		Release|Any CPU = Release|Any CPU
	EndGlobalSection
	GlobalSection(ProjectConfigurationPlatforms) = postSolution
		{07A1A039-537C-471D-971C-7A4BDDD40053}.Debug|Any CPU.ActiveCfg = Debug|Any CPU
		{07A1A039-537C-471D-971C-7A4BDDD40053}.Debug|Any CPU.Build.0 = Debug|Any CPU
		{07A1A039-537C-471D-971C-7A4BDDD40053}.Release|Any CPU.ActiveCfg = Release|Any CPU
		{07A1A039-537C-471D-971C-7A4BDDD40053}.Release|Any CPU.Build.0 = Release|Any CPU
	EndGlobalSection
	GlobalSection(SolutionProperties) = preSolution
		HideSolutionNode = FALSE
	EndGlobalSection
	GlobalSection(ExtensibilityGlobals) = postSolution
		SolutionGuid = {8150EB02-13A4-48B2-8CAB-6F5C4E967415}
	EndGlobalSection
EndGlobal
